version = 1
revision = 3
requires-python = ">=3.8"
resolution-markers = [
    "python_full_version >= '3.9'",
    "python_full_version < '3.9'",
]

[[package]]
name = "dbml2dot"
version = "0.3.0"
source = { editable = "." }
dependencies = [
    { name = "pydbml" },
    { name = "pydot" },
]

[package.metadata]
requires-dist = [
    { name = "pydbml", specifier = "~=0.3.4" },
    { name = "pydot", specifier = "~=1.4.2" },
]

[[package]]
name = "pydbml"
version = "0.3.4"
source = { registry = "https://pypi.org/simple" }
dependencies = [
    { name = "pyparsing", version = "3.1.4", source = { registry = "https://pypi.org/simple" }, marker = "python_full_version < '3.9'" },
    { name = "pyparsing", version = "3.2.5", source = { registry = "https://pypi.org/simple" }, marker = "python_full_version >= '3.9'" },
]
sdist = { url = "https://files.pythonhosted.org/packages/bf/93/4fef891f6357ae8f0fc4f3bf9fabb0673b43b9cdbfde6c5f542ec0450389/pydbml-0.3.4.tar.gz", hash = "sha256:72f679e9818658567c588f3095007dfd6980b8aa77df758220d839b2781c3ac3", size = 23358, upload-time = "2020-10-21T09:19:59.338Z" }
wheels = [
    { url = "https://files.pythonhosted.org/packages/2e/77/c91ca58efa68b76fe5af0934d3a85dbdafe1ab2a7277f7d651fa5b58e9d7/pydbml-0.3.4-py3-none-any.whl", hash = "sha256:2ef71a8d4e21bbc2a4fd4b810dfe924d70332722fc48ddcf10990b2e031d46ca", size = 18747, upload-time = "2020-10-21T09:19:57.429Z" },
]

[[package]]
name = "pydot"
version = "1.4.2"
source = { registry = "https://pypi.org/simple" }
dependencies = [
    { name = "pyparsing", version = "3.1.4", source = { registry = "https://pypi.org/simple" }, marker = "python_full_version < '3.9'" },
    { name = "pyparsing", version = "3.2.5", source = { registry = "https://pypi.org/simple" }, marker = "python_full_version >= '3.9'" },
]
sdist = { url = "https://files.pythonhosted.org/packages/13/6e/916cdf94f9b38ae0777b254c75c3bdddee49a54cc4014aac1460a7a172b3/pydot-1.4.2.tar.gz", hash = "sha256:248081a39bcb56784deb018977e428605c1c758f10897a339fce1dd728ff007d", size = 137681, upload-time = "2021-02-15T15:43:08.87Z" }
wheels = [
    { url = "https://files.pythonhosted.org/packages/ea/76/75b1bb82e9bad3e3d656556eaa353d8cd17c4254393b08ec9786ac8ed273/pydot-1.4.2-py2.py3-none-any.whl", hash = "sha256:66c98190c65b8d2e2382a441b4c0edfdb4f4c025ef9cb9874de478fb0793a451", size = 21868, upload-time = "2021-02-15T15:43:06.74Z" },
]

[[package]]
name = "pyparsing"
version = "3.1.4"
source = { registry = "https://pypi.org/simple" }
resolution-markers = [
    "python_full_version < '3.9'",
]
sdist = { url = "https://files.pythonhosted.org/packages/83/08/13f3bce01b2061f2bbd582c9df82723de943784cf719a35ac886c652043a/pyparsing-3.1.4.tar.gz", hash = "sha256:f86ec8d1a83f11977c9a6ea7598e8c27fc5cddfa5b07ea2241edbbde1d7bc032", size = 900231, upload-time = "2024-08-25T15:00:47.416Z" }
wheels = [
    { url = "https://files.pythonhosted.org/packages/e5/0c/0e3c05b1c87bb6a1c76d281b0f35e78d2d80ac91b5f8f524cebf77f51049/pyparsing-3.1.4-py3-none-any.whl", hash = "sha256:a6a7ee4235a3f944aa1fa2249307708f893fe5717dc603503c6c7969c070fb7c", size = 104100, upload-time = "2024-08-25T15:00:45.361Z" },
]

[[package]]
name = "pyparsing"
version = "3.2.5"
source = { registry = "https://pypi.org/simple" }
resolution-markers = [
    "python_full_version >= '3.9'",
]
sdist = { url = "https://files.pythonhosted.org/packages/f2/a5/181488fc2b9d093e3972d2a472855aae8a03f000592dbfce716a512b3359/pyparsing-3.2.5.tar.gz", hash = "sha256:2df8d5b7b2802ef88e8d016a2eb9c7aeaa923529cd251ed0fe4608275d4105b6", size = 1099274, upload-time = "2025-09-21T04:11:06.277Z" }
wheels = [
    { url = "https://files.pythonhosted.org/packages/10/5e/1aa9a93198c6b64513c9d7752de7422c06402de6600a8767da1524f9570b/pyparsing-3.2.5-py3-none-any.whl", hash = "sha256:e38a4f02064cf41fe6593d328d0512495ad1f3d8a91c4f73fc401b3079a59a5e", size = 113890, upload-time = "2025-09-21T04:11:04.117Z" },
]
